// !$*UTF8*$!
{
	archiveVersion = 1;
	classes = {
	};
	objectVersion = 46;
	objects = {

/* Begin PBXBuildFile section */
		945447DD1C1992CF006F7F74 /* Transport.m in Sources */ = {isa = PBXBuildFile; fileRef = 945447DC1C1992CF006F7F74 /* Transport.m */; };
		945447E01C1993FE006F7F74 /* TAServiceClient.m in Sources */ = {isa = PBXBuildFile; fileRef = 945447DF1C1993FE006F7F74 /* TAServiceClient.m */; };
		945447E41C199C0B006F7F74 /* TAUtils.m in Sources */ = {isa = PBXBuildFile; fileRef = 945447E31C199C0B006F7F74 /* TAUtils.m */; };
		945447EA1C19AB0D006F7F74 /* NSDictionary+checkNull.m in Sources */ = {isa = PBXBuildFile; fileRef = 945447E91C19AB0D006F7F74 /* NSDictionary+checkNull.m */; };
		94F95F5D1C197AD50075008B /* main.m in Sources */ = {isa = PBXBuildFile; fileRef = 94F95F5C1C197AD50075008B /* main.m */; };
		94F95F681C197AD50075008B /* Images.xcassets in Resources */ = {isa = PBXBuildFile; fileRef = 94F95F671C197AD50075008B /* Images.xcassets */; };
		94F95F771C197AD50075008B /* TelstraPOCAppTests.m in Sources */ = {isa = PBXBuildFile; fileRef = 94F95F761C197AD50075008B /* TelstraPOCAppTests.m */; };
		94F95F871C197F910075008B /* AppDelegate.m in Sources */ = {isa = PBXBuildFile; fileRef = 94F95F861C197F910075008B /* AppDelegate.m */; };
		94F95F881C197F910075008B /* AppDelegate.m in Sources */ = {isa = PBXBuildFile; fileRef = 94F95F861C197F910075008B /* AppDelegate.m */; };
		94F95F8B1C197FA10075008B /* HomeViewController.m in Sources */ = {isa = PBXBuildFile; fileRef = 94F95F8A1C197FA10075008B /* HomeViewController.m */; };
		94F95F8C1C197FA10075008B /* HomeViewController.m in Sources */ = {isa = PBXBuildFile; fileRef = 94F95F8A1C197FA10075008B /* HomeViewController.m */; };
		94F95F911C1982410075008B /* Reachability.m in Sources */ = {isa = PBXBuildFile; fileRef = 94F95F901C1982410075008B /* Reachability.m */; };
		94F95F921C1982410075008B /* Reachability.m in Sources */ = {isa = PBXBuildFile; fileRef = 94F95F901C1982410075008B /* Reachability.m */; };
		94F95F951C1982AA0075008B /* DetailsList.m in Sources */ = {isa = PBXBuildFile; fileRef = 94F95F941C1982AA0075008B /* DetailsList.m */; };
		94F95F961C1982AA0075008B /* DetailsList.m in Sources */ = {isa = PBXBuildFile; fileRef = 94F95F941C1982AA0075008B /* DetailsList.m */; };
		94F95F991C1983040075008B /* CustomTableViewCell.m in Sources */ = {isa = PBXBuildFile; fileRef = 94F95F981C1983040075008B /* CustomTableViewCell.m */; };
		94F95F9A1C1983040075008B /* CustomTableViewCell.m in Sources */ = {isa = PBXBuildFile; fileRef = 94F95F981C1983040075008B /* CustomTableViewCell.m */; };
/* End PBXBuildFile section */

/* Begin PBXContainerItemProxy section */
		94F95F711C197AD50075008B /* PBXContainerItemProxy */ = {
			isa = PBXContainerItemProxy;
			containerPortal = 94F95F4F1C197AD50075008B /* Project object */;
			proxyType = 1;
			remoteGlobalIDString = 94F95F561C197AD50075008B;
			remoteInfo = TelstraPOCApp;
		};
/* End PBXContainerItemProxy section */

/* Begin PBXFileReference section */
		945447DB1C1992CF006F7F74 /* Transport.h */ = {isa = PBXFileReference; fileEncoding = 4; lastKnownFileType = sourcecode.c.h; path = Transport.h; sourceTree = "<group>"; };
		945447DC1C1992CF006F7F74 /* Transport.m */ = {isa = PBXFileReference; fileEncoding = 4; lastKnownFileType = sourcecode.c.objc; path = Transport.m; sourceTree = "<group>"; };
		945447DE1C1993FE006F7F74 /* TAServiceClient.h */ = {isa = PBXFileReference; fileEncoding = 4; lastKnownFileType = sourcecode.c.h; path = TAServiceClient.h; sourceTree = "<group>"; };
		945447DF1C1993FE006F7F74 /* TAServiceClient.m */ = {isa = PBXFileReference; fileEncoding = 4; lastKnownFileType = sourcecode.c.objc; path = TAServiceClient.m; sourceTree = "<group>"; };
		945447E21C199C0B006F7F74 /* TAUtils.h */ = {isa = PBXFileReference; fileEncoding = 4; lastKnownFileType = sourcecode.c.h; path = TAUtils.h; sourceTree = "<group>"; };
		945447E31C199C0B006F7F74 /* TAUtils.m */ = {isa = PBXFileReference; fileEncoding = 4; lastKnownFileType = sourcecode.c.objc; path = TAUtils.m; sourceTree = "<group>"; };
		945447E81C19AB0D006F7F74 /* NSDictionary+checkNull.h */ = {isa = PBXFileReference; fileEncoding = 4; lastKnownFileType = sourcecode.c.h; path = "NSDictionary+checkNull.h"; sourceTree = "<group>"; };
		945447E91C19AB0D006F7F74 /* NSDictionary+checkNull.m */ = {isa = PBXFileReference; fileEncoding = 4; lastKnownFileType = sourcecode.c.objc; path = "NSDictionary+checkNull.m"; sourceTree = "<group>"; };
		94F95F571C197AD50075008B /* TelstraPOCApp.app */ = {isa = PBXFileReference; explicitFileType = wrapper.application; includeInIndex = 0; path = TelstraPOCApp.app; sourceTree = BUILT_PRODUCTS_DIR; };
		94F95F5B1C197AD50075008B /* Info.plist */ = {isa = PBXFileReference; lastKnownFileType = text.plist.xml; path = Info.plist; sourceTree = "<group>"; };
		94F95F5C1C197AD50075008B /* main.m */ = {isa = PBXFileReference; lastKnownFileType = sourcecode.c.objc; path = main.m; sourceTree = "<group>"; };
		94F95F671C197AD50075008B /* Images.xcassets */ = {isa = PBXFileReference; lastKnownFileType = folder.assetcatalog; path = Images.xcassets; sourceTree = "<group>"; };
		94F95F701C197AD50075008B /* TelstraPOCAppTests.xctest */ = {isa = PBXFileReference; explicitFileType = wrapper.cfbundle; includeInIndex = 0; path = TelstraPOCAppTests.xctest; sourceTree = BUILT_PRODUCTS_DIR; };
		94F95F751C197AD50075008B /* Info.plist */ = {isa = PBXFileReference; lastKnownFileType = text.plist.xml; path = Info.plist; sourceTree = "<group>"; };
		94F95F761C197AD50075008B /* TelstraPOCAppTests.m */ = {isa = PBXFileReference; lastKnownFileType = sourcecode.c.objc; path = TelstraPOCAppTests.m; sourceTree = "<group>"; };
		94F95F851C197F910075008B /* AppDelegate.h */ = {isa = PBXFileReference; fileEncoding = 4; lastKnownFileType = sourcecode.c.h; path = AppDelegate.h; sourceTree = "<group>"; };
		94F95F861C197F910075008B /* AppDelegate.m */ = {isa = PBXFileReference; fileEncoding = 4; lastKnownFileType = sourcecode.c.objc; path = AppDelegate.m; sourceTree = "<group>"; };
		94F95F891C197FA10075008B /* HomeViewController.h */ = {isa = PBXFileReference; fileEncoding = 4; lastKnownFileType = sourcecode.c.h; path = HomeViewController.h; sourceTree = "<group>"; };
		94F95F8A1C197FA10075008B /* HomeViewController.m */ = {isa = PBXFileReference; fileEncoding = 4; lastKnownFileType = sourcecode.c.objc; path = HomeViewController.m; sourceTree = "<group>"; };
		94F95F8F1C1982410075008B /* Reachability.h */ = {isa = PBXFileReference; fileEncoding = 4; lastKnownFileType = sourcecode.c.h; path = Reachability.h; sourceTree = "<group>"; };
		94F95F901C1982410075008B /* Reachability.m */ = {isa = PBXFileReference; fileEncoding = 4; lastKnownFileType = sourcecode.c.objc; path = Reachability.m; sourceTree = "<group>"; };
		94F95F931C1982AA0075008B /* DetailsList.h */ = {isa = PBXFileReference; fileEncoding = 4; lastKnownFileType = sourcecode.c.h; path = DetailsList.h; sourceTree = "<group>"; };
		94F95F941C1982AA0075008B /* DetailsList.m */ = {isa = PBXFileReference; fileEncoding = 4; lastKnownFileType = sourcecode.c.objc; path = DetailsList.m; sourceTree = "<group>"; };
		94F95F971C1983040075008B /* CustomTableViewCell.h */ = {isa = PBXFileReference; fileEncoding = 4; lastKnownFileType = sourcecode.c.h; path = CustomTableViewCell.h; sourceTree = "<group>"; };
		94F95F981C1983040075008B /* CustomTableViewCell.m */ = {isa = PBXFileReference; fileEncoding = 4; lastKnownFileType = sourcecode.c.objc; path = CustomTableViewCell.m; sourceTree = "<group>"; };
		94F95F9B1C1983250075008B /* TAConstants.h */ = {isa = PBXFileReference; fileEncoding = 4; lastKnownFileType = sourcecode.c.h; path = TAConstants.h; sourceTree = "<group>"; };
/* End PBXFileReference section */

/* Begin PBXFrameworksBuildPhase section */
		94F95F541C197AD50075008B /* Frameworks */ = {
			isa = PBXFrameworksBuildPhase;
			buildActionMask = 2147483647;
			files = (
			);
			runOnlyForDeploymentPostprocessing = 0;
		};
		94F95F6D1C197AD50075008B /* Frameworks */ = {
			isa = PBXFrameworksBuildPhase;
			buildActionMask = 2147483647;
			files = (
			);
			runOnlyForDeploymentPostprocessing = 0;
		};
/* End PBXFrameworksBuildPhase section */

/* Begin PBXGroup section */
		945447E11C199BED006F7F74 /* Utilities */ = {
			isa = PBXGroup;
			children = (
				945447E21C199C0B006F7F74 /* TAUtils.h */,
				945447E31C199C0B006F7F74 /* TAUtils.m */,
			);
			path = Utilities;
			sourceTree = "<group>";
		};
		94F95F4E1C197AD50075008B = {
			isa = PBXGroup;
			children = (
				94F95F591C197AD50075008B /* TelstraPOCApp */,
				94F95F731C197AD50075008B /* TelstraPOCAppTests */,
				94F95F581C197AD50075008B /* Products */,
			);
			sourceTree = "<group>";
		};
		94F95F581C197AD50075008B /* Products */ = {
			isa = PBXGroup;
			children = (
				94F95F571C197AD50075008B /* TelstraPOCApp.app */,
				94F95F701C197AD50075008B /* TelstraPOCAppTests.xctest */,
			);
			name = Products;
			sourceTree = "<group>";
		};
		94F95F591C197AD50075008B /* TelstraPOCApp */ = {
			isa = PBXGroup;
			children = (
				945447E11C199BED006F7F74 /* Utilities */,
				94F95F8E1C1982370075008B /* Reachability */,
				94F95F841C197F320075008B /* AppDelegate */,
				94F95F801C197F060075008B /* Constant */,
				94F95F811C197F060075008B /* ModelLayer */,
				94F95F821C197F060075008B /* ServiceLayer */,
				94F95F831C197F060075008B /* ViewController */,
				94F95F671C197AD50075008B /* Images.xcassets */,
				94F95F5A1C197AD50075008B /* Supporting Files */,
			);
			path = TelstraPOCApp;
			sourceTree = "<group>";
		};
		94F95F5A1C197AD50075008B /* Supporting Files */ = {
			isa = PBXGroup;
			children = (
				94F95F5B1C197AD50075008B /* Info.plist */,
				94F95F5C1C197AD50075008B /* main.m */,
			);
			name = "Supporting Files";
			sourceTree = "<group>";
		};
		94F95F731C197AD50075008B /* TelstraPOCAppTests */ = {
			isa = PBXGroup;
			children = (
				94F95F761C197AD50075008B /* TelstraPOCAppTests.m */,
				94F95F741C197AD50075008B /* Supporting Files */,
			);
			path = TelstraPOCAppTests;
			sourceTree = "<group>";
		};
		94F95F741C197AD50075008B /* Supporting Files */ = {
			isa = PBXGroup;
			children = (
				94F95F751C197AD50075008B /* Info.plist */,
			);
			name = "Supporting Files";
			sourceTree = "<group>";
		};
		94F95F801C197F060075008B /* Constant */ = {
			isa = PBXGroup;
			children = (
				94F95F9B1C1983250075008B /* TAConstants.h */,
			);
			path = Constant;
			sourceTree = "<group>";
		};
		94F95F811C197F060075008B /* ModelLayer */ = {
			isa = PBXGroup;
			children = (
				94F95F931C1982AA0075008B /* DetailsList.h */,
				94F95F941C1982AA0075008B /* DetailsList.m */,
			);
			path = ModelLayer;
			sourceTree = "<group>";
		};
		94F95F821C197F060075008B /* ServiceLayer */ = {
			isa = PBXGroup;
			children = (
				945447E81C19AB0D006F7F74 /* NSDictionary+checkNull.h */,
				945447E91C19AB0D006F7F74 /* NSDictionary+checkNull.m */,
				945447DB1C1992CF006F7F74 /* Transport.h */,
				945447DC1C1992CF006F7F74 /* Transport.m */,
				945447DE1C1993FE006F7F74 /* TAServiceClient.h */,
				945447DF1C1993FE006F7F74 /* TAServiceClient.m */,
			);
			path = ServiceLayer;
			sourceTree = "<group>";
		};
		94F95F831C197F060075008B /* ViewController */ = {
			isa = PBXGroup;
			children = (
				94F95F8D1C197FC00075008B /* CustomeTableCell */,
				94F95F891C197FA10075008B /* HomeViewController.h */,
				94F95F8A1C197FA10075008B /* HomeViewController.m */,
			);
			path = ViewController;
			sourceTree = "<group>";
		};
		94F95F841C197F320075008B /* AppDelegate */ = {
			isa = PBXGroup;
			children = (
				94F95F851C197F910075008B /* AppDelegate.h */,
				94F95F861C197F910075008B /* AppDelegate.m */,
			);
			path = AppDelegate;
			sourceTree = "<group>";
		};
		94F95F8D1C197FC00075008B /* CustomeTableCell */ = {
			isa = PBXGroup;
			children = (
				94F95F971C1983040075008B /* CustomTableViewCell.h */,
				94F95F981C1983040075008B /* CustomTableViewCell.m */,
			);
			path = CustomeTableCell;
			sourceTree = "<group>";
		};
		94F95F8E1C1982370075008B /* Reachability */ = {
			isa = PBXGroup;
			children = (
				94F95F8F1C1982410075008B /* Reachability.h */,
				94F95F901C1982410075008B /* Reachability.m */,
			);
			path = Reachability;
			sourceTree = "<group>";
		};
/* End PBXGroup section */

/* Begin PBXNativeTarget section */
		94F95F561C197AD50075008B /* TelstraPOCApp */ = {
			isa = PBXNativeTarget;
			buildConfigurationList = 94F95F7A1C197AD50075008B /* Build configuration list for PBXNativeTarget "TelstraPOCApp" */;
			buildPhases = (
				94F95F531C197AD50075008B /* Sources */,
				94F95F541C197AD50075008B /* Frameworks */,
				94F95F551C197AD50075008B /* Resources */,
			);
			buildRules = (
			);
			dependencies = (
			);
			name = TelstraPOCApp;
			productName = TelstraPOCApp;
			productReference = 94F95F571C197AD50075008B /* TelstraPOCApp.app */;
			productType = "com.apple.product-type.application";
		};
		94F95F6F1C197AD50075008B /* TelstraPOCAppTests */ = {
			isa = PBXNativeTarget;
			buildConfigurationList = 94F95F7D1C197AD50075008B /* Build configuration list for PBXNativeTarget "TelstraPOCAppTests" */;
			buildPhases = (
				94F95F6C1C197AD50075008B /* Sources */,
				94F95F6D1C197AD50075008B /* Frameworks */,
				94F95F6E1C197AD50075008B /* Resources */,
			);
			buildRules = (
			);
			dependencies = (
				94F95F721C197AD50075008B /* PBXTargetDependency */,
			);
			name = TelstraPOCAppTests;
			productName = TelstraPOCAppTests;
			productReference = 94F95F701C197AD50075008B /* TelstraPOCAppTests.xctest */;
			productType = "com.apple.product-type.bundle.unit-test";
		};
/* End PBXNativeTarget section */

/* Begin PBXProject section */
		94F95F4F1C197AD50075008B /* Project object */ = {
			isa = PBXProject;
			attributes = {
				LastUpgradeCheck = 0710;
				ORGANIZATIONNAME = Cognizant;
				TargetAttributes = {
					94F95F561C197AD50075008B = {
						CreatedOnToolsVersion = 6.4;
					};
					94F95F6F1C197AD50075008B = {
						CreatedOnToolsVersion = 6.4;
						TestTargetID = 94F95F561C197AD50075008B;
					};
				};
			};
			buildConfigurationList = 94F95F521C197AD50075008B /* Build configuration list for PBXProject "TelstraPOCApp" */;
			compatibilityVersion = "Xcode 3.2";
			developmentRegion = English;
			hasScannedForEncodings = 0;
			knownRegions = (
				en,
				Base,
			);
			mainGroup = 94F95F4E1C197AD50075008B;
			productRefGroup = 94F95F581C197AD50075008B /* Products */;
			projectDirPath = "";
			projectRoot = "";
			targets = (
				94F95F561C197AD50075008B /* TelstraPOCApp */,
				94F95F6F1C197AD50075008B /* TelstraPOCAppTests */,
			);
		};
/* End PBXProject section */

/* Begin PBXResourcesBuildPhase section */
		94F95F551C197AD50075008B /* Resources */ = {
			isa = PBXResourcesBuildPhase;
			buildActionMask = 2147483647;
			files = (
				94F95F681C197AD50075008B /* Images.xcassets in Resources */,
			);
			runOnlyForDeploymentPostprocessing = 0;
		};
		94F95F6E1C197AD50075008B /* Resources */ = {
			isa = PBXResourcesBuildPhase;
			buildActionMask = 2147483647;
			files = (
			);
			runOnlyForDeploymentPostprocessing = 0;
		};
/* End PBXResourcesBuildPhase section */

/* Begin PBXSourcesBuildPhase section */
		94F95F531C197AD50075008B /* Sources */ = {
			isa = PBXSourcesBuildPhase;
			buildActionMask = 2147483647;
			files = (
				94F95F951C1982AA0075008B /* DetailsList.m in Sources */,
				94F95F5D1C197AD50075008B /* main.m in Sources */,
				945447EA1C19AB0D006F7F74 /* NSDictionary+checkNull.m in Sources */,
				94F95F991C1983040075008B /* CustomTableViewCell.m in Sources */,
				945447E01C1993FE006F7F74 /* TAServiceClient.m in Sources */,
				945447DD1C1992CF006F7F74 /* Transport.m in Sources */,
				94F95F871C197F910075008B /* AppDelegate.m in Sources */,
				945447E41C199C0B006F7F74 /* TAUtils.m in Sources */,
				94F95F911C1982410075008B /* Reachability.m in Sources */,
				94F95F8B1C197FA10075008B /* HomeViewController.m in Sources */,
			);
			runOnlyForDeploymentPostprocessing = 0;
		};
		94F95F6C1C197AD50075008B /* Sources */ = {
			isa = PBXSourcesBuildPhase;
			buildActionMask = 2147483647;
			files = (
				94F95F961C1982AA0075008B /* DetailsList.m in Sources */,
				94F95F881C197F910075008B /* AppDelegate.m in Sources */,
				94F95F9A1C1983040075008B /* CustomTableViewCell.m in Sources */,
				94F95F771C197AD50075008B /* TelstraPOCAppTests.m in Sources */,
				94F95F921C1982410075008B /* Reachability.m in Sources */,
				94F95F8C1C197FA10075008B /* HomeViewController.m in Sources */,
			);
			runOnlyForDeploymentPostprocessing = 0;
		};
/* End PBXSourcesBuildPhase section */

/* Begin PBXTargetDependency section */
		94F95F721C197AD50075008B /* PBXTargetDependency */ = {
			isa = PBXTargetDependency;
			target = 94F95F561C197AD50075008B /* TelstraPOCApp */;
			targetProxy = 94F95F711C197AD50075008B /* PBXContainerItemProxy */;
		};
/* End PBXTargetDependency section */

/* Begin XCBuildConfiguration section */
		94F95F781C197AD50075008B /* Debug */ = {
			isa = XCBuildConfiguration;
			buildSettings = {
				ALWAYS_SEARCH_USER_PATHS = NO;
				CLANG_CXX_LANGUAGE_STANDARD = "gnu++0x";
				CLANG_CXX_LIBRARY = "libc++";
				CLANG_ENABLE_MODULES = YES;
				CLANG_ENABLE_OBJC_ARC = YES;
				CLANG_WARN_BOOL_CONVERSION = YES;
				CLANG_WARN_CONSTANT_CONVERSION = YES;
				CLANG_WARN_DIRECT_OBJC_ISA_USAGE = YES_ERROR;
				CLANG_WARN_EMPTY_BODY = YES;
				CLANG_WARN_ENUM_CONVERSION = YES;
				CLANG_WARN_INT_CONVERSION = YES;
				CLANG_WARN_OBJC_ROOT_CLASS = YES_ERROR;
				CLANG_WARN_UNREACHABLE_CODE = YES;
				CLANG_WARN__DUPLICATE_METHOD_MATCH = YES;
				"CODE_SIGN_IDENTITY[sdk=iphoneos*]" = "iPhone Developer";
				COPY_PHASE_STRIP = NO;
				DEBUG_INFORMATION_FORMAT = "dwarf-with-dsym";
				ENABLE_STRICT_OBJC_MSGSEND = YES;
				ENABLE_TESTABILITY = YES;
				GCC_C_LANGUAGE_STANDARD = gnu99;
				GCC_DYNAMIC_NO_PIC = NO;
				GCC_NO_COMMON_BLOCKS = YES;
				GCC_OPTIMIZATION_LEVEL = 0;
				GCC_PREPROCESSOR_DEFINITIONS = (
					"DEBUG=1",
					"$(inherited)",
				);
				GCC_SYMBOLS_PRIVATE_EXTERN = NO;
				GCC_WARN_64_TO_32_BIT_CONVERSION = YES;
				GCC_WARN_ABOUT_RETURN_TYPE = YES_ERROR;
				GCC_WARN_UNDECLARED_SELECTOR = YES;
				GCC_WARN_UNINITIALIZED_AUTOS = YES_AGGRESSIVE;
				GCC_WARN_UNUSED_FUNCTION = YES;
				GCC_WARN_UNUSED_VARIABLE = YES;
				IPHONEOS_DEPLOYMENT_TARGET = 8.4;
				MTL_ENABLE_DEBUG_INFO = YES;
				ONLY_ACTIVE_ARCH = YES;
				SDKROOT = iphoneos;
			};
			name = Debug;
		};
		94F95F791C197AD50075008B /* Release */ = {
			isa = XCBuildConfiguration;
			buildSettings = {
				ALWAYS_SEARCH_USER_PATHS = NO;
				CLANG_CXX_LANGUAGE_STANDARD = "gnu++0x";
				CLANG_CXX_LIBRARY = "libc++";
				CLANG_ENABLE_MODULES = YES;
				CLANG_ENABLE_OBJC_ARC = YES;
				CLANG_WARN_BOOL_CONVERSION = YES;
				CLANG_WARN_CONSTANT_CONVERSION = YES;
				CLANG_WARN_DIRECT_OBJC_ISA_USAGE = YES_ERROR;
				CLANG_WARN_EMPTY_BODY = YES;
				CLANG_WARN_ENUM_CONVERSION = YES;
				CLANG_WARN_INT_CONVERSION = YES;
				CLANG_WARN_OBJC_ROOT_CLASS = YES_ERROR;
				CLANG_WARN_UNREACHABLE_CODE = YES;
				CLANG_WARN__DUPLICATE_METHOD_MATCH = YES;
				"CODE_SIGN_IDENTITY[sdk=iphoneos*]" = "iPhone Developer";
				COPY_PHASE_STRIP = NO;
				DEBUG_INFORMATION_FORMAT = "dwarf-with-dsym";
				ENABLE_NS_ASSERTIONS = NO;
				ENABLE_STRICT_OBJC_MSGSEND = YES;
				GCC_C_LANGUAGE_STANDARD = gnu99;
				GCC_NO_COMMON_BLOCKS = YES;
				GCC_WARN_64_TO_32_BIT_CONVERSION = YES;
				GCC_WARN_ABOUT_RETURN_TYPE = YES_ERROR;
				GCC_WARN_UNDECLARED_SELECTOR = YES;
				GCC_WARN_UNINITIALIZED_AUTOS = YES_AGGRESSIVE;
				GCC_WARN_UNUSED_FUNCTION = YES;
				GCC_WARN_UNUSED_VARIABLE = YES;
				IPHONEOS_DEPLOYMENT_TARGET = 8.4;
				MTL_ENABLE_DEBUG_INFO = NO;
				SDKROOT = iphoneos;
				VALIDATE_PRODUCT = YES;
			};
			name = Release;
		};
		94F95F7B1C197AD50075008B /* Debug */ = {
			isa = XCBuildConfiguration;
			buildSettings = {
				ASSETCATALOG_COMPILER_APPICON_NAME = AppIcon;
				INFOPLIST_FILE = TelstraPOCApp/Info.plist;
				LD_RUNPATH_SEARCH_PATHS = "$(inherited) @executable_path/Frameworks";
				PRODUCT_BUNDLE_IDENTIFIER = "cogizant.$(PRODUCT_NAME:rfc1034identifier)";
				PRODUCT_NAME = "$(TARGET_NAME)";
			};
			name = Debug;
		};
		94F95F7C1C197AD50075008B /* Release */ = {
			isa = XCBuildConfiguration;
			buildSettings = {
				ASSETCATALOG_COMPILER_APPICON_NAME = AppIcon;
				INFOPLIST_FILE = TelstraPOCApp/Info.plist;
				LD_RUNPATH_SEARCH_PATHS = "$(inherited) @executable_path/Frameworks";
				PRODUCT_BUNDLE_IDENTIFIER = "cogizant.$(PRODUCT_NAME:rfc1034identifier)";
				PRODUCT_NAME = "$(TARGET_NAME)";
			};
			name = Release;
		};
		94F95F7E1C197AD50075008B /* Debug */ = {
			isa = XCBuildConfiguration;
			buildSettings = {
				BUNDLE_LOADER = "$(TEST_HOST)";
				FRAMEWORK_SEARCH_PATHS = (
					"$(SDKROOT)/Developer/Library/Frameworks",
					"$(inherited)",
				);
				GCC_PREPROCESSOR_DEFINITIONS = (
					"DEBUG=1",
					"$(inherited)",
				);
				INFOPLIST_FILE = TelstraPOCAppTests/Info.plist;
				LD_RUNPATH_SEARCH_PATHS = "$(inherited) @executable_path/Frameworks @loader_path/Frameworks";
				PRODUCT_BUNDLE_IDENTIFIER = "cogizant.$(PRODUCT_NAME:rfc1034identifier)";
				PRODUCT_NAME = "$(TARGET_NAME)";
				TEST_HOST = "$(BUILT_PRODUCTS_DIR)/TelstraPOCApp.app/TelstraPOCApp";
			};
			name = Debug;
		};
		94F95F7F1C197AD50075008B /* Release */ = {
			isa = XCBuildConfiguration;
			buildSettings = {
				BUNDLE_LOADER = "$(TEST_HOST)";
				FRAMEWORK_SEARCH_PATHS = (
					"$(SDKROOT)/Developer/Library/Frameworks",
					"$(inherited)",
				);
				INFOPLIST_FILE = TelstraPOCAppTests/Info.plist;
				LD_RUNPATH_SEARCH_PATHS = "$(inherited) @executable_path/Frameworks @loader_path/Frameworks";
				PRODUCT_BUNDLE_IDENTIFIER = "cogizant.$(PRODUCT_NAME:rfc1034identifier)";
				PRODUCT_NAME = "$(TARGET_NAME)";
				TEST_HOST = "$(BUILT_PRODUCTS_DIR)/TelstraPOCApp.app/TelstraPOCApp";
			};
			name = Release;
		};
/* End XCBuildConfiguration section */

/* Begin XCConfigurationList section */
		94F95F521C197AD50075008B /* Build configuration list for PBXProject "TelstraPOCApp" */ = {
			isa = XCConfigurationList;
			buildConfigurations = (
				94F95F781C197AD50075008B /* Debug */,
				94F95F791C197AD50075008B /* Release */,
			);
			defaultConfigurationIsVisible = 0;
			defaultConfigurationName = Release;
		};
		94F95F7A1C197AD50075008B /* Build configuration list for PBXNativeTarget "TelstraPOCApp" */ = {
			isa = XCConfigurationList;
			buildConfigurations = (
				94F95F7B1C197AD50075008B /* Debug */,
				94F95F7C1C197AD50075008B /* Release */,
			);
			defaultConfigurationIsVisible = 0;
			defaultConfigurationName = Release;
		};
		94F95F7D1C197AD50075008B /* Build configuration list for PBXNativeTarget "TelstraPOCAppTests" */ = {
			isa = XCConfigurationList;
			buildConfigurations = (
				94F95F7E1C197AD50075008B /* Debug */,
				94F95F7F1C197AD50075008B /* Release */,
			);
			defaultConfigurationIsVisible = 0;
			defaultConfigurationName = Release;
		};
/* End XCConfigurationList section */
	};
	rootObject = 94F95F4F1C197AD50075008B /* Project object */;
}
